
Microsoft Visual Studio Solution File, Format Version 12.00
# Visual Studio Version 16
VisualStudioVersion = 16.0.30225.117
MinimumVisualStudioVersion = 10.0.40219.1
Project("{9A19103F-16F7-4668-BE54-9A1E7A4F7556}") = "CowinTrackerApp", ".\CowinTrackerApp\CowinTrackerApp.csproj", "{F6DB60CD-16E8-456B-9CA5-F6024CF6CB4C}"
EndProject
Project("{FAE04EC0-301F-11D3-BF4B-00C04F79EFBC}") = "CowinTrackerApp.Models", ".\CowinTrackerApp.Models\CowinTrackerApp.Models.csproj", "{0B35C6B8-6948-43D6-B431-BB83E3DFAEFF}"
EndProject
Global
	GlobalSection(SolutionConfigurationPlatforms) = preSolution
		Debug|Any CPU = Debug|Any CPU
		Release|Any CPU = Release|Any CPU
	EndGlobalSection
	GlobalSection(ProjectConfigurationPlatforms) = postSolution
		{F6DB60CD-16E8-456B-9CA5-F6024CF6CB4C}.Debug|Any CPU.ActiveCfg = Debug|Any CPU
		{F6DB60CD-16E8-456B-9CA5-F6024CF6CB4C}.Debug|Any CPU.Build.0 = Debug|Any CPU
		{F6DB60CD-16E8-456B-9CA5-F6024CF6CB4C}.Release|Any CPU.ActiveCfg = Release|Any CPU
		{F6DB60CD-16E8-456B-9CA5-F6024CF6CB4C}.Release|Any CPU.Build.0 = Release|Any CPU
		{0B35C6B8-6948-43D6-B431-BB83E3DFAEFF}.Debug|Any CPU.ActiveCfg = Debug|Any CPU
		{0B35C6B8-6948-43D6-B431-BB83E3DFAEFF}.Debug|Any CPU.Build.0 = Debug|Any CPU
		{0B35C6B8-6948-43D6-B431-BB83E3DFAEFF}.Release|Any CPU.ActiveCfg = Release|Any CPU
		{0B35C6B8-6948-43D6-B431-BB83E3DFAEFF}.Release|Any CPU.Build.0 = Release|Any CPU
	EndGlobalSection
	GlobalSection(SolutionProperties) = preSolution
		HideSolutionNode = FALSE
	EndGlobalSection
	GlobalSection(ExtensibilityGlobals) = postSolution
		SolutionGuid = {4CF615BA-B245-4E11-A857-B4AB80AD12B6}
	EndGlobalSection
EndGlobal
